<?xml version="1.0" encoding="UTF-8" standalone="yes" ?>
<CodeBlocks_project_file>
	<FileVersion major="1" minor="6" />
	<Project>
		<Option title="DatasetCollector" />
		<Option pch_mode="2" />
		<Option compiler="gcc" />
		<Build>
			<Target title="Debug">
				<Option output="bin/Debug/Gtkmm_test" prefix_auto="1" extension_auto="1" />
				<Option object_output="obj/Debug/" />
				<Option type="1" />
				<Option compiler="gcc" />
				<Compiler>
					<Add option="-g" />
				</Compiler>
			</Target>
			<Target title="Release">
				<Option output="bin/Release/Gtkmm_test" prefix_auto="1" extension_auto="1" />
				<Option object_output="obj/Release/" />
				<Option type="1" />
				<Option compiler="gcc" />
				<Compiler>
					<Add option="-O2" />
				</Compiler>
				<Linker>
					<Add option="-s" />
				</Linker>
			</Target>
		</Build>
		<Compiler>
			<Add option="-Weffc++" />
			<Add option="-Wextra" />
			<Add option="-std=c++20" />
			<Add option="`pkg-config --cflags gtkmm-4.0`" />
			<Add option="`pkg-config --cflags sfml-network`" />
			<Add option="`pkg-config --cflags opencv4`" />
			<Add directory="include" />
		</Compiler>
		<Linker>
			<Add option="`pkg-config --libs gtkmm-4.0`" />
			<Add option="`pkg-config --libs sqlitecpp`" />
			<Add option="`pkg-config --libs sfml-network`" />
			<Add option="`pkg-config --libs opencv4`" />
			<Add library="epoxy" />
		</Linker>
		<Unit filename="include/DataSet.hpp" />
		<Unit filename="include/ExtendablePlot.hpp" />
		<Unit filename="include/Shader.hpp" />
		<Unit filename="include/csi_fun.h" />
		<Unit filename="include/db_handler.hpp" />
		<Unit filename="include/embedded_handler.hpp" />
		<Unit filename="include/experiments_list.hpp" />
		<Unit filename="include/handler.hpp" />
		<Unit filename="include/handlers_list.hpp" />
		<Unit filename="include/hw_list.hpp" />
		<Unit filename="include/marker_manager.hpp" />
		<Unit filename="main.cpp" />
		<Unit filename="src/DataSet.cpp" />
		<Unit filename="src/ExtendablePlot.cpp" />
		<Unit filename="src/Shader.cpp" />
		<Unit filename="src/csi_fun.c">
			<Option compilerVar="CC" />
		</Unit>
		<Extensions />
	</Project>
</CodeBlocks_project_file>
